Microsoft Visual Studio Solution File, Format Version 12.00
# Visual Studio 2013
VisualStudioVersion = 12.0.21005.1
MinimumVisualStudioVersion = 10.0.40219.1
Project("{FAE04EC0-301F-11D3-BF4B-00C04F79EFBC}") = "ReconstructCellGUI", "ReconstructCells\ReconstructCellGUI.csproj", "{E5AE7115-F807-443F-AF29-DBBFBEE3B2AF}"
EndProject
Project("{FAE04EC0-301F-11D3-BF4B-00C04F79EFBC}") = "MathLibrary", "MathLibrary\MathLibrary.csproj", "{D8C8F367-2808-41E0-9370-FC1B28BABF5D}"
EndProject
Project("{FAE04EC0-301F-11D3-BF4B-00C04F79EFBC}") = "ImageProcessing", "ImageProcessing\ImageProcessing.csproj", "{D3531DA2-D180-4C2C-B0CB-18B7CD20D3CE}"
EndProject
Project("{FAE04EC0-301F-11D3-BF4B-00C04F79EFBC}") = "CustomControls", "CustomControls\CustomControls.csproj", "{BFF0A874-E8D4-4C81-8E75-6A4EF1E6B2F0}"
EndProject
Project("{FAE04EC0-301F-11D3-BF4B-00C04F79EFBC}") = "Utilities", "Utilities\Utilities.csproj", "{117E84DF-22B8-4D62-A253-795CE165CCD7}"
EndProject
Project("{FAE04EC0-301F-11D3-BF4B-00C04F79EFBC}") = "Emgu.CV", "libemgucv-windows-x64-2.3.0.1416-1\Emgu.CV\Emgu.CV.csproj", "{9A1A77FE-F01B-495E-87B7-4B16E4F8C908}"
EndProject
Project("{2150E333-8FDC-42A3-9474-1A3956D46DE8}") = "EMGU", "EMGU", "{5BD82214-D3E7-4017-8B89-34BAAA4104AF}"
EndProject
Project("{FAE04EC0-301F-11D3-BF4B-00C04F79EFBC}") = "Emgu.Util", "libemgucv-windows-x64-2.3.0.1416-1\Emgu.Util\Emgu.Util.csproj", "{7C2C5325-8235-4A24-9C67-6BD79A4679E2}"
EndProject
Project("{FAE04EC0-301F-11D3-BF4B-00C04F79EFBC}") = "Emgu.CV.UI", "libemgucv-windows-x64-2.3.0.1416-1\Emgu.CV.UI\Emgu.CV.UI.csproj", "{90E78BBF-C7FE-4D8E-ADE1-75448E866FDB}"
EndProject
Project("{FAE04EC0-301F-11D3-BF4B-00C04F79EFBC}") = "Emgu.CV.ML", "libemgucv-windows-x64-2.3.0.1416-1\Emgu.CV.ML\Emgu.CV.ML.csproj", "{0E89EA04-C88C-410E-9A5A-9CBB8C42A027}"
EndProject
Project("{FAE04EC0-301F-11D3-BF4B-00C04F79EFBC}") = "Emgu.CV.GPU", "libemgucv-windows-x64-2.3.0.1416-1\Emgu.CV.GPU\Emgu.CV.GPU.csproj", "{8728CB1F-F193-4F75-AEA9-221AA85A3E80}"
EndProject
Project("{FAE04EC0-301F-11D3-BF4B-00C04F79EFBC}") = "Emgu.CV.OCR", "libemgucv-windows-x64-2.3.0.1416-1\Emgu.CV.OCR\Emgu.CV.OCR.csproj", "{FDA79B5F-80C6-41FA-A1D6-82DE69DBB4A1}"
EndProject
Project("{FAE04EC0-301F-11D3-BF4B-00C04F79EFBC}") = "Emgu.CV.DebuggerVisualizers", "libemgucv-windows-x64-2.3.0.1416-1\Emgu.CV.DebuggerVisualizers\Emgu.CV.DebuggerVisualizers.csproj", "{E8F09998-297B-485C-B234-E5ACE5F55772}"
EndProject
Project("{FAE04EC0-301F-11D3-BF4B-00C04F79EFBC}") = "ReconMaster", "ReconMaster\ReconMaster.csproj", "{DAD8CCC1-3AAC-4AD3-B9E3-197AEA1A4170}"
EndProject
Project("{FAE04EC0-301F-11D3-BF4B-00C04F79EFBC}") = "RemoteMovie", "RemoteMovie\RemoteMovie.csproj", "{FA5D0BF7-941A-4673-9F9C-65C65EBE1F86}"
EndProject
Project("{FAE04EC0-301F-11D3-BF4B-00C04F79EFBC}") = "ViewAndSegment", "ViewAndSegment\ViewAndSegment.csproj", "{AABBD091-D782-4474-9D2F-BA77F6296CED}"
EndProject
Project("{FAE04EC0-301F-11D3-BF4B-00C04F79EFBC}") = "ASU_Evaluation2", "ASU_Evaluation2\ASU_Evaluation2.csproj", "{16A8FFBB-7DF4-4AAF-BE1E-B633FC909F37}"
EndProject
Project("{FAE04EC0-301F-11D3-BF4B-00C04F79EFBC}") = "WPF.Themes", "ASU_Evaluation2\Themes\WPF.Themes\WPF.Themes.csproj", "{CD3CD636-D63E-4BD5-9FE9-2B63DA6F0616}"
EndProject
Project("{FAE04EC0-301F-11D3-BF4B-00C04F79EFBC}") = "OrthoViewer", "OrthoViewer\OrthoViewer.csproj", "{E2845774-76C1-4D47-9BDC-AE44E5CF979C}"
EndProject
Project("{FAE04EC0-301F-11D3-BF4B-00C04F79EFBC}") = "ZedGraph", "ZedGraph\ZedGraph.csproj", "{2541686B-1673-43BF-AF89-3163945DB009}"
EndProject
Global
	GlobalSection(SolutionConfigurationPlatforms) = preSolution
		Debug|Any CPU = Debug|Any CPU
		Debug|Mixed Platforms = Debug|Mixed Platforms
		Debug|Win32 = Debug|Win32
		Debug|x64 = Debug|x64
		Debug|x86 = Debug|x86
		Release|Any CPU = Release|Any CPU
		Release|Mixed Platforms = Release|Mixed Platforms
		Release|Win32 = Release|Win32
		Release|x64 = Release|x64
		Release|x86 = Release|x86
		ReleaseBuild|Any CPU = ReleaseBuild|Any CPU
		ReleaseBuild|Mixed Platforms = ReleaseBuild|Mixed Platforms
		ReleaseBuild|Win32 = ReleaseBuild|Win32
		ReleaseBuild|x64 = ReleaseBuild|x64
		ReleaseBuild|x86 = ReleaseBuild|x86
	EndGlobalSection
	GlobalSection(ProjectConfigurationPlatforms) = postSolution
		{E5AE7115-F807-443F-AF29-DBBFBEE3B2AF}.Debug|Any CPU.ActiveCfg = Debug|Any CPU
		{E5AE7115-F807-443F-AF29-DBBFBEE3B2AF}.Debug|Any CPU.Build.0 = Debug|Any CPU
		{E5AE7115-F807-443F-AF29-DBBFBEE3B2AF}.Debug|Mixed Platforms.ActiveCfg = Debug|x64
		{E5AE7115-F807-443F-AF29-DBBFBEE3B2AF}.Debug|Mixed Platforms.Build.0 = Debug|x64
		{E5AE7115-F807-443F-AF29-DBBFBEE3B2AF}.Debug|Win32.ActiveCfg = Debug|Any CPU
		{E5AE7115-F807-443F-AF29-DBBFBEE3B2AF}.Debug|x64.ActiveCfg = Debug|x86
		{E5AE7115-F807-443F-AF29-DBBFBEE3B2AF}.Debug|x86.ActiveCfg = Debug|x86
		{E5AE7115-F807-443F-AF29-DBBFBEE3B2AF}.Debug|x86.Build.0 = Debug|x86
		{E5AE7115-F807-443F-AF29-DBBFBEE3B2AF}.Release|Any CPU.ActiveCfg = Release|Any CPU
		{E5AE7115-F807-443F-AF29-DBBFBEE3B2AF}.Release|Any CPU.Build.0 = Release|Any CPU
		{E5AE7115-F807-443F-AF29-DBBFBEE3B2AF}.Release|Mixed Platforms.ActiveCfg = Release|x86
		{E5AE7115-F807-443F-AF29-DBBFBEE3B2AF}.Release|Mixed Platforms.Build.0 = Release|x86
		{E5AE7115-F807-443F-AF29-DBBFBEE3B2AF}.Release|Win32.ActiveCfg = Release|Any CPU
		{E5AE7115-F807-443F-AF29-DBBFBEE3B2AF}.Release|x64.ActiveCfg = Release|x86
		{E5AE7115-F807-443F-AF29-DBBFBEE3B2AF}.Release|x86.ActiveCfg = Release|x86
		{E5AE7115-F807-443F-AF29-DBBFBEE3B2AF}.Release|x86.Build.0 = Release|x86
		{E5AE7115-F807-443F-AF29-DBBFBEE3B2AF}.ReleaseBuild|Any CPU.ActiveCfg = Release|Any CPU
		{E5AE7115-F807-443F-AF29-DBBFBEE3B2AF}.ReleaseBuild|Any CPU.Build.0 = Release|Any CPU
		{E5AE7115-F807-443F-AF29-DBBFBEE3B2AF}.ReleaseBuild|Mixed Platforms.ActiveCfg = Release|Any CPU
		{E5AE7115-F807-443F-AF29-DBBFBEE3B2AF}.ReleaseBuild|Mixed Platforms.Build.0 = Release|Any CPU
		{E5AE7115-F807-443F-AF29-DBBFBEE3B2AF}.ReleaseBuild|Win32.ActiveCfg = Release|Any CPU
		{E5AE7115-F807-443F-AF29-DBBFBEE3B2AF}.ReleaseBuild|x64.ActiveCfg = Release|Any CPU
		{E5AE7115-F807-443F-AF29-DBBFBEE3B2AF}.ReleaseBuild|x86.ActiveCfg = Release|Any CPU
		{D8C8F367-2808-41E0-9370-FC1B28BABF5D}.Debug|Any CPU.ActiveCfg = Debug|Any CPU
		{D8C8F367-2808-41E0-9370-FC1B28BABF5D}.Debug|Any CPU.Build.0 = Debug|Any CPU
		{D8C8F367-2808-41E0-9370-FC1B28BABF5D}.Debug|Mixed Platforms.ActiveCfg = Debug|Any CPU
		{D8C8F367-2808-41E0-9370-FC1B28BABF5D}.Debug|Mixed Platforms.Build.0 = Debug|Any CPU
		{D8C8F367-2808-41E0-9370-FC1B28BABF5D}.Debug|Win32.ActiveCfg = Debug|Any CPU
		{D8C8F367-2808-41E0-9370-FC1B28BABF5D}.Debug|x64.ActiveCfg = Debug|Any CPU
		{D8C8F367-2808-41E0-9370-FC1B28BABF5D}.Debug|x86.ActiveCfg = Debug|Any CPU
		{D8C8F367-2808-41E0-9370-FC1B28BABF5D}.Release|Any CPU.ActiveCfg = Release|Any CPU
		{D8C8F367-2808-41E0-9370-FC1B28BABF5D}.Release|Any CPU.Build.0 = Release|Any CPU
		{D8C8F367-2808-41E0-9370-FC1B28BABF5D}.Release|Mixed Platforms.ActiveCfg = Release|Any CPU
		{D8C8F367-2808-41E0-9370-FC1B28BABF5D}.Release|Mixed Platforms.Build.0 = Release|Any CPU
		{D8C8F367-2808-41E0-9370-FC1B28BABF5D}.Release|Win32.ActiveCfg = Release|Any CPU
		{D8C8F367-2808-41E0-9370-FC1B28BABF5D}.Release|x64.ActiveCfg = Release|Any CPU
		{D8C8F367-2808-41E0-9370-FC1B28BABF5D}.Release|x86.ActiveCfg = Release|Any CPU
		{D8C8F367-2808-41E0-9370-FC1B28BABF5D}.ReleaseBuild|Any CPU.ActiveCfg = Release|Any CPU
		{D8C8F367-2808-41E0-9370-FC1B28BABF5D}.ReleaseBuild|Any CPU.Build.0 = Release|Any CPU
		{D8C8F367-2808-41E0-9370-FC1B28BABF5D}.ReleaseBuild|Mixed Platforms.ActiveCfg = Release|Any CPU
		{D8C8F367-2808-41E0-9370-FC1B28BABF5D}.ReleaseBuild|Mixed Platforms.Build.0 = Release|Any CPU
		{D8C8F367-2808-41E0-9370-FC1B28BABF5D}.ReleaseBuild|Win32.ActiveCfg = Release|Any CPU
		{D8C8F367-2808-41E0-9370-FC1B28BABF5D}.ReleaseBuild|x64.ActiveCfg = Release|Any CPU
		{D8C8F367-2808-41E0-9370-FC1B28BABF5D}.ReleaseBuild|x86.ActiveCfg = Release|Any CPU
		{D3531DA2-D180-4C2C-B0CB-18B7CD20D3CE}.Debug|Any CPU.ActiveCfg = Debug|Any CPU
		{D3531DA2-D180-4C2C-B0CB-18B7CD20D3CE}.Debug|Any CPU.Build.0 = Debug|Any CPU
		{D3531DA2-D180-4C2C-B0CB-18B7CD20D3CE}.Debug|Mixed Platforms.ActiveCfg = Debug|Any CPU
		{D3531DA2-D180-4C2C-B0CB-18B7CD20D3CE}.Debug|Mixed Platforms.Build.0 = Debug|Any CPU
		{D3531DA2-D180-4C2C-B0CB-18B7CD20D3CE}.Debug|Win32.ActiveCfg = Debug|Any CPU
		{D3531DA2-D180-4C2C-B0CB-18B7CD20D3CE}.Debug|x64.ActiveCfg = Debug|Any CPU
		{D3531DA2-D180-4C2C-B0CB-18B7CD20D3CE}.Debug|x86.ActiveCfg = Debug|Any CPU
		{D3531DA2-D180-4C2C-B0CB-18B7CD20D3CE}.Release|Any CPU.ActiveCfg = Release|Any CPU
		{D3531DA2-D180-4C2C-B0CB-18B7CD20D3CE}.Release|Any CPU.Build.0 = Release|Any CPU
		{D3531DA2-D180-4C2C-B0CB-18B7CD20D3CE}.Release|Mixed Platforms.ActiveCfg = Release|Any CPU
		{D3531DA2-D180-4C2C-B0CB-18B7CD20D3CE}.Release|Mixed Platforms.Build.0 = Release|Any CPU
		{D3531DA2-D180-4C2C-B0CB-18B7CD20D3CE}.Release|Win32.ActiveCfg = Release|Any CPU
		{D3531DA2-D180-4C2C-B0CB-18B7CD20D3CE}.Release|x64.ActiveCfg = Release|Any CPU
		{D3531DA2-D180-4C2C-B0CB-18B7CD20D3CE}.Release|x86.ActiveCfg = Release|Any CPU
		{D3531DA2-D180-4C2C-B0CB-18B7CD20D3CE}.ReleaseBuild|Any CPU.ActiveCfg = Release|Any CPU
		{D3531DA2-D180-4C2C-B0CB-18B7CD20D3CE}.ReleaseBuild|Any CPU.Build.0 = Release|Any CPU
		{D3531DA2-D180-4C2C-B0CB-18B7CD20D3CE}.ReleaseBuild|Mixed Platforms.ActiveCfg = Release|Any CPU
		{D3531DA2-D180-4C2C-B0CB-18B7CD20D3CE}.ReleaseBuild|Mixed Platforms.Build.0 = Release|Any CPU
		{D3531DA2-D180-4C2C-B0CB-18B7CD20D3CE}.ReleaseBuild|Win32.ActiveCfg = Release|Any CPU
		{D3531DA2-D180-4C2C-B0CB-18B7CD20D3CE}.ReleaseBuild|x64.ActiveCfg = Release|Any CPU
		{D3531DA2-D180-4C2C-B0CB-18B7CD20D3CE}.ReleaseBuild|x86.ActiveCfg = Release|Any CPU
		{BFF0A874-E8D4-4C81-8E75-6A4EF1E6B2F0}.Debug|Any CPU.ActiveCfg = Debug|Any CPU
		{BFF0A874-E8D4-4C81-8E75-6A4EF1E6B2F0}.Debug|Any CPU.Build.0 = Debug|Any CPU
		{BFF0A874-E8D4-4C81-8E75-6A4EF1E6B2F0}.Debug|Mixed Platforms.ActiveCfg = Debug|Any CPU
		{BFF0A874-E8D4-4C81-8E75-6A4EF1E6B2F0}.Debug|Mixed Platforms.Build.0 = Debug|Any CPU
		{BFF0A874-E8D4-4C81-8E75-6A4EF1E6B2F0}.Debug|Win32.ActiveCfg = Debug|Any CPU
		{BFF0A874-E8D4-4C81-8E75-6A4EF1E6B2F0}.Debug|x64.ActiveCfg = Debug|Any CPU
		{BFF0A874-E8D4-4C81-8E75-6A4EF1E6B2F0}.Debug|x86.ActiveCfg = Debug|Any CPU
		{BFF0A874-E8D4-4C81-8E75-6A4EF1E6B2F0}.Release|Any CPU.ActiveCfg = Release|Any CPU
		{BFF0A874-E8D4-4C81-8E75-6A4EF1E6B2F0}.Release|Any CPU.Build.0 = Release|Any CPU
		{BFF0A874-E8D4-4C81-8E75-6A4EF1E6B2F0}.Release|Mixed Platforms.ActiveCfg = Release|Any CPU
		{BFF0A874-E8D4-4C81-8E75-6A4EF1E6B2F0}.Release|Mixed Platforms.Build.0 = Release|Any CPU
		{BFF0A874-E8D4-4C81-8E75-6A4EF1E6B2F0}.Release|Win32.ActiveCfg = Release|Any CPU
		{BFF0A874-E8D4-4C81-8E75-6A4EF1E6B2F0}.Release|x64.ActiveCfg = Release|Any CPU
		{BFF0A874-E8D4-4C81-8E75-6A4EF1E6B2F0}.Release|x86.ActiveCfg = Release|Any CPU
		{BFF0A874-E8D4-4C81-8E75-6A4EF1E6B2F0}.ReleaseBuild|Any CPU.ActiveCfg = Release|Any CPU
		{BFF0A874-E8D4-4C81-8E75-6A4EF1E6B2F0}.ReleaseBuild|Any CPU.Build.0 = Release|Any CPU
		{BFF0A874-E8D4-4C81-8E75-6A4EF1E6B2F0}.ReleaseBuild|Mixed Platforms.ActiveCfg = Release|Any CPU
		{BFF0A874-E8D4-4C81-8E75-6A4EF1E6B2F0}.ReleaseBuild|Mixed Platforms.Build.0 = Release|Any CPU
		{BFF0A874-E8D4-4C81-8E75-6A4EF1E6B2F0}.ReleaseBuild|Win32.ActiveCfg = Release|Any CPU
		{BFF0A874-E8D4-4C81-8E75-6A4EF1E6B2F0}.ReleaseBuild|x64.ActiveCfg = Release|Any CPU
		{BFF0A874-E8D4-4C81-8E75-6A4EF1E6B2F0}.ReleaseBuild|x86.ActiveCfg = Release|Any CPU
		{117E84DF-22B8-4D62-A253-795CE165CCD7}.Debug|Any CPU.ActiveCfg = Debug|Any CPU
		{117E84DF-22B8-4D62-A253-795CE165CCD7}.Debug|Any CPU.Build.0 = Debug|Any CPU
		{117E84DF-22B8-4D62-A253-795CE165CCD7}.Debug|Mixed Platforms.ActiveCfg = Debug|Any CPU
		{117E84DF-22B8-4D62-A253-795CE165CCD7}.Debug|Mixed Platforms.Build.0 = Debug|Any CPU
		{117E84DF-22B8-4D62-A253-795CE165CCD7}.Debug|Win32.ActiveCfg = Debug|Any CPU
		{117E84DF-22B8-4D62-A253-795CE165CCD7}.Debug|x64.ActiveCfg = Debug|Any CPU
		{117E84DF-22B8-4D62-A253-795CE165CCD7}.Debug|x86.ActiveCfg = Debug|Any CPU
		{117E84DF-22B8-4D62-A253-795CE165CCD7}.Release|Any CPU.ActiveCfg = Release|Any CPU
		{117E84DF-22B8-4D62-A253-795CE165CCD7}.Release|Any CPU.Build.0 = Release|Any CPU
		{117E84DF-22B8-4D62-A253-795CE165CCD7}.Release|Mixed Platforms.ActiveCfg = Release|Any CPU
		{117E84DF-22B8-4D62-A253-795CE165CCD7}.Release|Mixed Platforms.Build.0 = Release|Any CPU
		{117E84DF-22B8-4D62-A253-795CE165CCD7}.Release|Win32.ActiveCfg = Release|Any CPU
		{117E84DF-22B8-4D62-A253-795CE165CCD7}.Release|x64.ActiveCfg = Release|Any CPU
		{117E84DF-22B8-4D62-A253-795CE165CCD7}.Release|x86.ActiveCfg = Release|Any CPU
		{117E84DF-22B8-4D62-A253-795CE165CCD7}.ReleaseBuild|Any CPU.ActiveCfg = Release|Any CPU
		{117E84DF-22B8-4D62-A253-795CE165CCD7}.ReleaseBuild|Any CPU.Build.0 = Release|Any CPU
		{117E84DF-22B8-4D62-A253-795CE165CCD7}.ReleaseBuild|Mixed Platforms.ActiveCfg = Release|Any CPU
		{117E84DF-22B8-4D62-A253-795CE165CCD7}.ReleaseBuild|Mixed Platforms.Build.0 = Release|Any CPU
		{117E84DF-22B8-4D62-A253-795CE165CCD7}.ReleaseBuild|Win32.ActiveCfg = Release|Any CPU
		{117E84DF-22B8-4D62-A253-795CE165CCD7}.ReleaseBuild|x64.ActiveCfg = Release|Any CPU
		{117E84DF-22B8-4D62-A253-795CE165CCD7}.ReleaseBuild|x86.ActiveCfg = Release|Any CPU
		{9A1A77FE-F01B-495E-87B7-4B16E4F8C908}.Debug|Any CPU.ActiveCfg = Debug|Any CPU
		{9A1A77FE-F01B-495E-87B7-4B16E4F8C908}.Debug|Any CPU.Build.0 = Debug|Any CPU
		{9A1A77FE-F01B-495E-87B7-4B16E4F8C908}.Debug|Mixed Platforms.ActiveCfg = Debug|Any CPU
		{9A1A77FE-F01B-495E-87B7-4B16E4F8C908}.Debug|Mixed Platforms.Build.0 = Debug|Any CPU
		{9A1A77FE-F01B-495E-87B7-4B16E4F8C908}.Debug|Win32.ActiveCfg = Debug|Any CPU
		{9A1A77FE-F01B-495E-87B7-4B16E4F8C908}.Debug|x64.ActiveCfg = Debug|Any CPU
		{9A1A77FE-F01B-495E-87B7-4B16E4F8C908}.Debug|x86.ActiveCfg = Debug|Any CPU
		{9A1A77FE-F01B-495E-87B7-4B16E4F8C908}.Release|Any CPU.ActiveCfg = Release|Any CPU
		{9A1A77FE-F01B-495E-87B7-4B16E4F8C908}.Release|Any CPU.Build.0 = Release|Any CPU
		{9A1A77FE-F01B-495E-87B7-4B16E4F8C908}.Release|Mixed Platforms.ActiveCfg = Release|Any CPU
		{9A1A77FE-F01B-495E-87B7-4B16E4F8C908}.Release|Mixed Platforms.Build.0 = Release|Any CPU
		{9A1A77FE-F01B-495E-87B7-4B16E4F8C908}.Release|Win32.ActiveCfg = Release|Any CPU
		{9A1A77FE-F01B-495E-87B7-4B16E4F8C908}.Release|x64.ActiveCfg = Release|Any CPU
		{9A1A77FE-F01B-495E-87B7-4B16E4F8C908}.Release|x86.ActiveCfg = Release|Any CPU
		{9A1A77FE-F01B-495E-87B7-4B16E4F8C908}.ReleaseBuild|Any CPU.ActiveCfg = Release|Any CPU
		{9A1A77FE-F01B-495E-87B7-4B16E4F8C908}.ReleaseBuild|Any CPU.Build.0 = Release|Any CPU
		{9A1A77FE-F01B-495E-87B7-4B16E4F8C908}.ReleaseBuild|Mixed Platforms.ActiveCfg = Release|Any CPU
		{9A1A77FE-F01B-495E-87B7-4B16E4F8C908}.ReleaseBuild|Mixed Platforms.Build.0 = Release|Any CPU
		{9A1A77FE-F01B-495E-87B7-4B16E4F8C908}.ReleaseBuild|Win32.ActiveCfg = Release|Any CPU
		{9A1A77FE-F01B-495E-87B7-4B16E4F8C908}.ReleaseBuild|x64.ActiveCfg = Release|Any CPU
		{9A1A77FE-F01B-495E-87B7-4B16E4F8C908}.ReleaseBuild|x86.ActiveCfg = Release|Any CPU
		{7C2C5325-8235-4A24-9C67-6BD79A4679E2}.Debug|Any CPU.ActiveCfg = Debug|Any CPU
		{7C2C5325-8235-4A24-9C67-6BD79A4679E2}.Debug|Any CPU.Build.0 = Debug|Any CPU
		{7C2C5325-8235-4A24-9C67-6BD79A4679E2}.Debug|Mixed Platforms.ActiveCfg = Debug|Any CPU
		{7C2C5325-8235-4A24-9C67-6BD79A4679E2}.Debug|Mixed Platforms.Build.0 = Debug|Any CPU
		{7C2C5325-8235-4A24-9C67-6BD79A4679E2}.Debug|Win32.ActiveCfg = Debug|Any CPU
		{7C2C5325-8235-4A24-9C67-6BD79A4679E2}.Debug|x64.ActiveCfg = Debug|Any CPU
		{7C2C5325-8235-4A24-9C67-6BD79A4679E2}.Debug|x86.ActiveCfg = Debug|Any CPU
		{7C2C5325-8235-4A24-9C67-6BD79A4679E2}.Release|Any CPU.ActiveCfg = Release|Any CPU
		{7C2C5325-8235-4A24-9C67-6BD79A4679E2}.Release|Any CPU.Build.0 = Release|Any CPU
		{7C2C5325-8235-4A24-9C67-6BD79A4679E2}.Release|Mixed Platforms.ActiveCfg = Release|Any CPU
		{7C2C5325-8235-4A24-9C67-6BD79A4679E2}.Release|Mixed Platforms.Build.0 = Release|Any CPU
		{7C2C5325-8235-4A24-9C67-6BD79A4679E2}.Release|Win32.ActiveCfg = Release|Any CPU
		{7C2C5325-8235-4A24-9C67-6BD79A4679E2}.Release|x64.ActiveCfg = Release|Any CPU
		{7C2C5325-8235-4A24-9C67-6BD79A4679E2}.Release|x86.ActiveCfg = Release|Any CPU
		{7C2C5325-8235-4A24-9C67-6BD79A4679E2}.ReleaseBuild|Any CPU.ActiveCfg = Release|Any CPU
		{7C2C5325-8235-4A24-9C67-6BD79A4679E2}.ReleaseBuild|Any CPU.Build.0 = Release|Any CPU
		{7C2C5325-8235-4A24-9C67-6BD79A4679E2}.ReleaseBuild|Mixed Platforms.ActiveCfg = Release|Any CPU
		{7C2C5325-8235-4A24-9C67-6BD79A4679E2}.ReleaseBuild|Mixed Platforms.Build.0 = Release|Any CPU
		{7C2C5325-8235-4A24-9C67-6BD79A4679E2}.ReleaseBuild|Win32.ActiveCfg = Release|Any CPU
		{7C2C5325-8235-4A24-9C67-6BD79A4679E2}.ReleaseBuild|x64.ActiveCfg = Release|Any CPU
		{7C2C5325-8235-4A24-9C67-6BD79A4679E2}.ReleaseBuild|x86.ActiveCfg = Release|Any CPU
		{90E78BBF-C7FE-4D8E-ADE1-75448E866FDB}.Debug|Any CPU.ActiveCfg = Debug|Any CPU
		{90E78BBF-C7FE-4D8E-ADE1-75448E866FDB}.Debug|Any CPU.Build.0 = Debug|Any CPU
		{90E78BBF-C7FE-4D8E-ADE1-75448E866FDB}.Debug|Mixed Platforms.ActiveCfg = Debug|Any CPU
		{90E78BBF-C7FE-4D8E-ADE1-75448E866FDB}.Debug|Mixed Platforms.Build.0 = Debug|Any CPU
		{90E78BBF-C7FE-4D8E-ADE1-75448E866FDB}.Debug|Win32.ActiveCfg = Debug|Any CPU
		{90E78BBF-C7FE-4D8E-ADE1-75448E866FDB}.Debug|x64.ActiveCfg = Debug|Any CPU
		{90E78BBF-C7FE-4D8E-ADE1-75448E866FDB}.Debug|x86.ActiveCfg = Debug|Any CPU
		{90E78BBF-C7FE-4D8E-ADE1-75448E866FDB}.Release|Any CPU.ActiveCfg = Release|Any CPU
		{90E78BBF-C7FE-4D8E-ADE1-75448E866FDB}.Release|Any CPU.Build.0 = Release|Any CPU
		{90E78BBF-C7FE-4D8E-ADE1-75448E866FDB}.Release|Mixed Platforms.ActiveCfg = Release|Any CPU
		{90E78BBF-C7FE-4D8E-ADE1-75448E866FDB}.Release|Mixed Platforms.Build.0 = Release|Any CPU
		{90E78BBF-C7FE-4D8E-ADE1-75448E866FDB}.Release|Win32.ActiveCfg = Release|Any CPU
		{90E78BBF-C7FE-4D8E-ADE1-75448E866FDB}.Release|x64.ActiveCfg = Release|Any CPU
		{90E78BBF-C7FE-4D8E-ADE1-75448E866FDB}.Release|x86.ActiveCfg = Release|Any CPU
		{90E78BBF-C7FE-4D8E-ADE1-75448E866FDB}.ReleaseBuild|Any CPU.ActiveCfg = Release|Any CPU
		{90E78BBF-C7FE-4D8E-ADE1-75448E866FDB}.ReleaseBuild|Any CPU.Build.0 = Release|Any CPU
		{90E78BBF-C7FE-4D8E-ADE1-75448E866FDB}.ReleaseBuild|Mixed Platforms.ActiveCfg = Release|Any CPU
		{90E78BBF-C7FE-4D8E-ADE1-75448E866FDB}.ReleaseBuild|Mixed Platforms.Build.0 = Release|Any CPU
		{90E78BBF-C7FE-4D8E-ADE1-75448E866FDB}.ReleaseBuild|Win32.ActiveCfg = Release|Any CPU
		{90E78BBF-C7FE-4D8E-ADE1-75448E866FDB}.ReleaseBuild|x64.ActiveCfg = Release|Any CPU
		{90E78BBF-C7FE-4D8E-ADE1-75448E866FDB}.ReleaseBuild|x86.ActiveCfg = Release|Any CPU
		{0E89EA04-C88C-410E-9A5A-9CBB8C42A027}.Debug|Any CPU.ActiveCfg = Debug|Any CPU
		{0E89EA04-C88C-410E-9A5A-9CBB8C42A027}.Debug|Any CPU.Build.0 = Debug|Any CPU
		{0E89EA04-C88C-410E-9A5A-9CBB8C42A027}.Debug|Mixed Platforms.ActiveCfg = Debug|Any CPU
		{0E89EA04-C88C-410E-9A5A-9CBB8C42A027}.Debug|Mixed Platforms.Build.0 = Debug|Any CPU
		{0E89EA04-C88C-410E-9A5A-9CBB8C42A027}.Debug|Win32.ActiveCfg = Debug|Any CPU
		{0E89EA04-C88C-410E-9A5A-9CBB8C42A027}.Debug|x64.ActiveCfg = Debug|Any CPU
		{0E89EA04-C88C-410E-9A5A-9CBB8C42A027}.Debug|x86.ActiveCfg = Debug|Any CPU
		{0E89EA04-C88C-410E-9A5A-9CBB8C42A027}.Release|Any CPU.ActiveCfg = Release|Any CPU
		{0E89EA04-C88C-410E-9A5A-9CBB8C42A027}.Release|Any CPU.Build.0 = Release|Any CPU
		{0E89EA04-C88C-410E-9A5A-9CBB8C42A027}.Release|Mixed Platforms.ActiveCfg = Release|Any CPU
		{0E89EA04-C88C-410E-9A5A-9CBB8C42A027}.Release|Mixed Platforms.Build.0 = Release|Any CPU
		{0E89EA04-C88C-410E-9A5A-9CBB8C42A027}.Release|Win32.ActiveCfg = Release|Any CPU
		{0E89EA04-C88C-410E-9A5A-9CBB8C42A027}.Release|x64.ActiveCfg = Release|Any CPU
		{0E89EA04-C88C-410E-9A5A-9CBB8C42A027}.Release|x86.ActiveCfg = Release|Any CPU
		{0E89EA04-C88C-410E-9A5A-9CBB8C42A027}.ReleaseBuild|Any CPU.ActiveCfg = Release|Any CPU
		{0E89EA04-C88C-410E-9A5A-9CBB8C42A027}.ReleaseBuild|Any CPU.Build.0 = Release|Any CPU
		{0E89EA04-C88C-410E-9A5A-9CBB8C42A027}.ReleaseBuild|Mixed Platforms.ActiveCfg = Release|Any CPU
		{0E89EA04-C88C-410E-9A5A-9CBB8C42A027}.ReleaseBuild|Mixed Platforms.Build.0 = Release|Any CPU
		{0E89EA04-C88C-410E-9A5A-9CBB8C42A027}.ReleaseBuild|Win32.ActiveCfg = Release|Any CPU
		{0E89EA04-C88C-410E-9A5A-9CBB8C42A027}.ReleaseBuild|x64.ActiveCfg = Release|Any CPU
		{0E89EA04-C88C-410E-9A5A-9CBB8C42A027}.ReleaseBuild|x86.ActiveCfg = Release|Any CPU
		{8728CB1F-F193-4F75-AEA9-221AA85A3E80}.Debug|Any CPU.ActiveCfg = Debug|Any CPU
		{8728CB1F-F193-4F75-AEA9-221AA85A3E80}.Debug|Any CPU.Build.0 = Debug|Any CPU
		{8728CB1F-F193-4F75-AEA9-221AA85A3E80}.Debug|Mixed Platforms.ActiveCfg = Debug|Any CPU
		{8728CB1F-F193-4F75-AEA9-221AA85A3E80}.Debug|Mixed Platforms.Build.0 = Debug|Any CPU
		{8728CB1F-F193-4F75-AEA9-221AA85A3E80}.Debug|Win32.ActiveCfg = Debug|Any CPU
		{8728CB1F-F193-4F75-AEA9-221AA85A3E80}.Debug|x64.ActiveCfg = Debug|Any CPU
		{8728CB1F-F193-4F75-AEA9-221AA85A3E80}.Debug|x86.ActiveCfg = Debug|Any CPU
		{8728CB1F-F193-4F75-AEA9-221AA85A3E80}.Release|Any CPU.ActiveCfg = Release|Any CPU
		{8728CB1F-F193-4F75-AEA9-221AA85A3E80}.Release|Any CPU.Build.0 = Release|Any CPU
		{8728CB1F-F193-4F75-AEA9-221AA85A3E80}.Release|Mixed Platforms.ActiveCfg = Release|Any CPU
		{8728CB1F-F193-4F75-AEA9-221AA85A3E80}.Release|Mixed Platforms.Build.0 = Release|Any CPU
		{8728CB1F-F193-4F75-AEA9-221AA85A3E80}.Release|Win32.ActiveCfg = Release|Any CPU
		{8728CB1F-F193-4F75-AEA9-221AA85A3E80}.Release|x64.ActiveCfg = Release|Any CPU
		{8728CB1F-F193-4F75-AEA9-221AA85A3E80}.Release|x86.ActiveCfg = Release|Any CPU
		{8728CB1F-F193-4F75-AEA9-221AA85A3E80}.ReleaseBuild|Any CPU.ActiveCfg = Release|Any CPU
		{8728CB1F-F193-4F75-AEA9-221AA85A3E80}.ReleaseBuild|Any CPU.Build.0 = Release|Any CPU
		{8728CB1F-F193-4F75-AEA9-221AA85A3E80}.ReleaseBuild|Mixed Platforms.ActiveCfg = Release|Any CPU
		{8728CB1F-F193-4F75-AEA9-221AA85A3E80}.ReleaseBuild|Mixed Platforms.Build.0 = Release|Any CPU
		{8728CB1F-F193-4F75-AEA9-221AA85A3E80}.ReleaseBuild|Win32.ActiveCfg = Release|Any CPU
		{8728CB1F-F193-4F75-AEA9-221AA85A3E80}.ReleaseBuild|x64.ActiveCfg = Release|Any CPU
		{8728CB1F-F193-4F75-AEA9-221AA85A3E80}.ReleaseBuild|x86.ActiveCfg = Release|Any CPU
		{FDA79B5F-80C6-41FA-A1D6-82DE69DBB4A1}.Debug|Any CPU.ActiveCfg = Debug|Any CPU
		{FDA79B5F-80C6-41FA-A1D6-82DE69DBB4A1}.Debug|Any CPU.Build.0 = Debug|Any CPU
		{FDA79B5F-80C6-41FA-A1D6-82DE69DBB4A1}.Debug|Mixed Platforms.ActiveCfg = Debug|Any CPU
		{FDA79B5F-80C6-41FA-A1D6-82DE69DBB4A1}.Debug|Mixed Platforms.Build.0 = Debug|Any CPU
		{FDA79B5F-80C6-41FA-A1D6-82DE69DBB4A1}.Debug|Win32.ActiveCfg = Debug|Any CPU
		{FDA79B5F-80C6-41FA-A1D6-82DE69DBB4A1}.Debug|x64.ActiveCfg = Debug|Any CPU
		{FDA79B5F-80C6-41FA-A1D6-82DE69DBB4A1}.Debug|x86.ActiveCfg = Debug|Any CPU
		{FDA79B5F-80C6-41FA-A1D6-82DE69DBB4A1}.Release|Any CPU.ActiveCfg = Release|Any CPU
		{FDA79B5F-80C6-41FA-A1D6-82DE69DBB4A1}.Release|Any CPU.Build.0 = Release|Any CPU
		{FDA79B5F-80C6-41FA-A1D6-82DE69DBB4A1}.Release|Mixed Platforms.ActiveCfg = Release|Any CPU
		{FDA79B5F-80C6-41FA-A1D6-82DE69DBB4A1}.Release|Mixed Platforms.Build.0 = Release|Any CPU
		{FDA79B5F-80C6-41FA-A1D6-82DE69DBB4A1}.Release|Win32.ActiveCfg = Release|Any CPU
		{FDA79B5F-80C6-41FA-A1D6-82DE69DBB4A1}.Release|x64.ActiveCfg = Release|Any CPU
		{FDA79B5F-80C6-41FA-A1D6-82DE69DBB4A1}.Release|x86.ActiveCfg = Release|Any CPU
		{FDA79B5F-80C6-41FA-A1D6-82DE69DBB4A1}.ReleaseBuild|Any CPU.ActiveCfg = Release|Any CPU
		{FDA79B5F-80C6-41FA-A1D6-82DE69DBB4A1}.ReleaseBuild|Any CPU.Build.0 = Release|Any CPU
		{FDA79B5F-80C6-41FA-A1D6-82DE69DBB4A1}.ReleaseBuild|Mixed Platforms.ActiveCfg = Release|Any CPU
		{FDA79B5F-80C6-41FA-A1D6-82DE69DBB4A1}.ReleaseBuild|Mixed Platforms.Build.0 = Release|Any CPU
		{FDA79B5F-80C6-41FA-A1D6-82DE69DBB4A1}.ReleaseBuild|Win32.ActiveCfg = Release|Any CPU
		{FDA79B5F-80C6-41FA-A1D6-82DE69DBB4A1}.ReleaseBuild|x64.ActiveCfg = Release|Any CPU
		{FDA79B5F-80C6-41FA-A1D6-82DE69DBB4A1}.ReleaseBuild|x86.ActiveCfg = Release|Any CPU
		{E8F09998-297B-485C-B234-E5ACE5F55772}.Debug|Any CPU.ActiveCfg = Debug|Any CPU
		{E8F09998-297B-485C-B234-E5ACE5F55772}.Debug|Any CPU.Build.0 = Debug|Any CPU
		{E8F09998-297B-485C-B234-E5ACE5F55772}.Debug|Mixed Platforms.ActiveCfg = Debug|Any CPU
		{E8F09998-297B-485C-B234-E5ACE5F55772}.Debug|Mixed Platforms.Build.0 = Debug|Any CPU
		{E8F09998-297B-485C-B234-E5ACE5F55772}.Debug|Win32.ActiveCfg = Debug|Any CPU
		{E8F09998-297B-485C-B234-E5ACE5F55772}.Debug|x64.ActiveCfg = Debug|Any CPU
		{E8F09998-297B-485C-B234-E5ACE5F55772}.Debug|x86.ActiveCfg = Debug|Any CPU
		{E8F09998-297B-485C-B234-E5ACE5F55772}.Release|Any CPU.ActiveCfg = Release|Any CPU
		{E8F09998-297B-485C-B234-E5ACE5F55772}.Release|Any CPU.Build.0 = Release|Any CPU
		{E8F09998-297B-485C-B234-E5ACE5F55772}.Release|Mixed Platforms.ActiveCfg = Release|Any CPU
		{E8F09998-297B-485C-B234-E5ACE5F55772}.Release|Mixed Platforms.Build.0 = Release|Any CPU
		{E8F09998-297B-485C-B234-E5ACE5F55772}.Release|Win32.ActiveCfg = Release|Any CPU
		{E8F09998-297B-485C-B234-E5ACE5F55772}.Release|x64.ActiveCfg = Release|Any CPU
		{E8F09998-297B-485C-B234-E5ACE5F55772}.Release|x86.ActiveCfg = Release|Any CPU
		{E8F09998-297B-485C-B234-E5ACE5F55772}.ReleaseBuild|Any CPU.ActiveCfg = Release|Any CPU
		{E8F09998-297B-485C-B234-E5ACE5F55772}.ReleaseBuild|Any CPU.Build.0 = Release|Any CPU
		{E8F09998-297B-485C-B234-E5ACE5F55772}.ReleaseBuild|Mixed Platforms.ActiveCfg = Release|Any CPU
		{E8F09998-297B-485C-B234-E5ACE5F55772}.ReleaseBuild|Mixed Platforms.Build.0 = Release|Any CPU
		{E8F09998-297B-485C-B234-E5ACE5F55772}.ReleaseBuild|Win32.ActiveCfg = Release|Any CPU
		{E8F09998-297B-485C-B234-E5ACE5F55772}.ReleaseBuild|x64.ActiveCfg = Release|Any CPU
		{E8F09998-297B-485C-B234-E5ACE5F55772}.ReleaseBuild|x86.ActiveCfg = Release|Any CPU
		{DAD8CCC1-3AAC-4AD3-B9E3-197AEA1A4170}.Debug|Any CPU.ActiveCfg = Debug|Any CPU
		{DAD8CCC1-3AAC-4AD3-B9E3-197AEA1A4170}.Debug|Any CPU.Build.0 = Debug|Any CPU
		{DAD8CCC1-3AAC-4AD3-B9E3-197AEA1A4170}.Debug|Mixed Platforms.ActiveCfg = Debug|x64
		{DAD8CCC1-3AAC-4AD3-B9E3-197AEA1A4170}.Debug|Mixed Platforms.Build.0 = Debug|x64
		{DAD8CCC1-3AAC-4AD3-B9E3-197AEA1A4170}.Debug|Win32.ActiveCfg = Debug|Any CPU
		{DAD8CCC1-3AAC-4AD3-B9E3-197AEA1A4170}.Debug|x64.ActiveCfg = Debug|x86
		{DAD8CCC1-3AAC-4AD3-B9E3-197AEA1A4170}.Debug|x86.ActiveCfg = Debug|x86
		{DAD8CCC1-3AAC-4AD3-B9E3-197AEA1A4170}.Debug|x86.Build.0 = Debug|x86
		{DAD8CCC1-3AAC-4AD3-B9E3-197AEA1A4170}.Release|Any CPU.ActiveCfg = Release|Any CPU
		{DAD8CCC1-3AAC-4AD3-B9E3-197AEA1A4170}.Release|Any CPU.Build.0 = Release|Any CPU
		{DAD8CCC1-3AAC-4AD3-B9E3-197AEA1A4170}.Release|Mixed Platforms.ActiveCfg = Release|Any CPU
		{DAD8CCC1-3AAC-4AD3-B9E3-197AEA1A4170}.Release|Mixed Platforms.Build.0 = Release|Any CPU
		{DAD8CCC1-3AAC-4AD3-B9E3-197AEA1A4170}.Release|Win32.ActiveCfg = Release|Any CPU
		{DAD8CCC1-3AAC-4AD3-B9E3-197AEA1A4170}.Release|x64.ActiveCfg = Release|x86
		{DAD8CCC1-3AAC-4AD3-B9E3-197AEA1A4170}.Release|x86.ActiveCfg = Release|x86
		{DAD8CCC1-3AAC-4AD3-B9E3-197AEA1A4170}.Release|x86.Build.0 = Release|x86
		{DAD8CCC1-3AAC-4AD3-B9E3-197AEA1A4170}.ReleaseBuild|Any CPU.ActiveCfg = Release|Any CPU
		{DAD8CCC1-3AAC-4AD3-B9E3-197AEA1A4170}.ReleaseBuild|Any CPU.Build.0 = Release|Any CPU
		{DAD8CCC1-3AAC-4AD3-B9E3-197AEA1A4170}.ReleaseBuild|Mixed Platforms.ActiveCfg = Release|Any CPU
		{DAD8CCC1-3AAC-4AD3-B9E3-197AEA1A4170}.ReleaseBuild|Mixed Platforms.Build.0 = Release|Any CPU
		{DAD8CCC1-3AAC-4AD3-B9E3-197AEA1A4170}.ReleaseBuild|Win32.ActiveCfg = Release|Any CPU
		{DAD8CCC1-3AAC-4AD3-B9E3-197AEA1A4170}.ReleaseBuild|x64.ActiveCfg = Release|Any CPU
		{DAD8CCC1-3AAC-4AD3-B9E3-197AEA1A4170}.ReleaseBuild|x86.ActiveCfg = Release|Any CPU
		{FA5D0BF7-941A-4673-9F9C-65C65EBE1F86}.Debug|Any CPU.ActiveCfg = Debug|x86
		{FA5D0BF7-941A-4673-9F9C-65C65EBE1F86}.Debug|Any CPU.Build.0 = Debug|x86
		{FA5D0BF7-941A-4673-9F9C-65C65EBE1F86}.Debug|Mixed Platforms.ActiveCfg = Debug|x86
		{FA5D0BF7-941A-4673-9F9C-65C65EBE1F86}.Debug|Mixed Platforms.Build.0 = Debug|x86
		{FA5D0BF7-941A-4673-9F9C-65C65EBE1F86}.Debug|Win32.ActiveCfg = Debug|x86
		{FA5D0BF7-941A-4673-9F9C-65C65EBE1F86}.Debug|x64.ActiveCfg = Debug|x86
		{FA5D0BF7-941A-4673-9F9C-65C65EBE1F86}.Debug|x86.ActiveCfg = Debug|x86
		{FA5D0BF7-941A-4673-9F9C-65C65EBE1F86}.Debug|x86.Build.0 = Debug|x86
		{FA5D0BF7-941A-4673-9F9C-65C65EBE1F86}.Release|Any CPU.ActiveCfg = Release|x86
		{FA5D0BF7-941A-4673-9F9C-65C65EBE1F86}.Release|Mixed Platforms.ActiveCfg = Release|x86
		{FA5D0BF7-941A-4673-9F9C-65C65EBE1F86}.Release|Mixed Platforms.Build.0 = Release|x86
		{FA5D0BF7-941A-4673-9F9C-65C65EBE1F86}.Release|Win32.ActiveCfg = Release|x86
		{FA5D0BF7-941A-4673-9F9C-65C65EBE1F86}.Release|x64.ActiveCfg = Release|x86
		{FA5D0BF7-941A-4673-9F9C-65C65EBE1F86}.Release|x86.ActiveCfg = Release|x86
		{FA5D0BF7-941A-4673-9F9C-65C65EBE1F86}.Release|x86.Build.0 = Release|x86
		{FA5D0BF7-941A-4673-9F9C-65C65EBE1F86}.ReleaseBuild|Any CPU.ActiveCfg = Release|x86
		{FA5D0BF7-941A-4673-9F9C-65C65EBE1F86}.ReleaseBuild|Mixed Platforms.ActiveCfg = Release|x86
		{FA5D0BF7-941A-4673-9F9C-65C65EBE1F86}.ReleaseBuild|Mixed Platforms.Build.0 = Release|x86
		{FA5D0BF7-941A-4673-9F9C-65C65EBE1F86}.ReleaseBuild|Win32.ActiveCfg = Release|x86
		{FA5D0BF7-941A-4673-9F9C-65C65EBE1F86}.ReleaseBuild|x64.ActiveCfg = Release|x86
		{FA5D0BF7-941A-4673-9F9C-65C65EBE1F86}.ReleaseBuild|x86.ActiveCfg = Release|x86
		{FA5D0BF7-941A-4673-9F9C-65C65EBE1F86}.ReleaseBuild|x86.Build.0 = Release|x86
		{AABBD091-D782-4474-9D2F-BA77F6296CED}.Debug|Any CPU.ActiveCfg = Debug|Any CPU
		{AABBD091-D782-4474-9D2F-BA77F6296CED}.Debug|Mixed Platforms.ActiveCfg = Debug|x86
		{AABBD091-D782-4474-9D2F-BA77F6296CED}.Debug|Mixed Platforms.Build.0 = Debug|x86
		{AABBD091-D782-4474-9D2F-BA77F6296CED}.Debug|Win32.ActiveCfg = Debug|x86
		{AABBD091-D782-4474-9D2F-BA77F6296CED}.Debug|x64.ActiveCfg = Debug|x86
		{AABBD091-D782-4474-9D2F-BA77F6296CED}.Debug|x86.ActiveCfg = Debug|x86
		{AABBD091-D782-4474-9D2F-BA77F6296CED}.Debug|x86.Build.0 = Debug|x86
		{AABBD091-D782-4474-9D2F-BA77F6296CED}.Release|Any CPU.ActiveCfg = Release|Any CPU
		{AABBD091-D782-4474-9D2F-BA77F6296CED}.Release|Any CPU.Build.0 = Release|Any CPU
		{AABBD091-D782-4474-9D2F-BA77F6296CED}.Release|Mixed Platforms.ActiveCfg = Release|x86
		{AABBD091-D782-4474-9D2F-BA77F6296CED}.Release|Mixed Platforms.Build.0 = Release|x86
		{AABBD091-D782-4474-9D2F-BA77F6296CED}.Release|Win32.ActiveCfg = Release|x86
		{AABBD091-D782-4474-9D2F-BA77F6296CED}.Release|x64.ActiveCfg = Release|x86
		{AABBD091-D782-4474-9D2F-BA77F6296CED}.Release|x86.ActiveCfg = Release|x86
		{AABBD091-D782-4474-9D2F-BA77F6296CED}.Release|x86.Build.0 = Release|x86
		{AABBD091-D782-4474-9D2F-BA77F6296CED}.ReleaseBuild|Any CPU.ActiveCfg = Release|x86
		{AABBD091-D782-4474-9D2F-BA77F6296CED}.ReleaseBuild|Mixed Platforms.ActiveCfg = Release|x86
		{AABBD091-D782-4474-9D2F-BA77F6296CED}.ReleaseBuild|Mixed Platforms.Build.0 = Release|x86
		{AABBD091-D782-4474-9D2F-BA77F6296CED}.ReleaseBuild|Win32.ActiveCfg = Release|x86
		{AABBD091-D782-4474-9D2F-BA77F6296CED}.ReleaseBuild|x64.ActiveCfg = Release|x86
		{AABBD091-D782-4474-9D2F-BA77F6296CED}.ReleaseBuild|x86.ActiveCfg = Release|x86
		{AABBD091-D782-4474-9D2F-BA77F6296CED}.ReleaseBuild|x86.Build.0 = Release|x86
		{16A8FFBB-7DF4-4AAF-BE1E-B633FC909F37}.Debug|Any CPU.ActiveCfg = Debug|Any CPU
		{16A8FFBB-7DF4-4AAF-BE1E-B633FC909F37}.Debug|Any CPU.Build.0 = Debug|Any CPU
		{16A8FFBB-7DF4-4AAF-BE1E-B633FC909F37}.Debug|Mixed Platforms.ActiveCfg = Debug|x64
		{16A8FFBB-7DF4-4AAF-BE1E-B633FC909F37}.Debug|Mixed Platforms.Build.0 = Debug|x64
		{16A8FFBB-7DF4-4AAF-BE1E-B633FC909F37}.Debug|Win32.ActiveCfg = Debug|x86
		{16A8FFBB-7DF4-4AAF-BE1E-B633FC909F37}.Debug|x64.ActiveCfg = Debug|x86
		{16A8FFBB-7DF4-4AAF-BE1E-B633FC909F37}.Debug|x86.ActiveCfg = Debug|x86
		{16A8FFBB-7DF4-4AAF-BE1E-B633FC909F37}.Debug|x86.Build.0 = Debug|x86
		{16A8FFBB-7DF4-4AAF-BE1E-B633FC909F37}.Release|Any CPU.ActiveCfg = Release|Any CPU
		{16A8FFBB-7DF4-4AAF-BE1E-B633FC909F37}.Release|Any CPU.Build.0 = Release|Any CPU
		{16A8FFBB-7DF4-4AAF-BE1E-B633FC909F37}.Release|Mixed Platforms.ActiveCfg = Release|x86
		{16A8FFBB-7DF4-4AAF-BE1E-B633FC909F37}.Release|Mixed Platforms.Build.0 = Release|x86
		{16A8FFBB-7DF4-4AAF-BE1E-B633FC909F37}.Release|Win32.ActiveCfg = Release|x86
		{16A8FFBB-7DF4-4AAF-BE1E-B633FC909F37}.Release|x64.ActiveCfg = Release|x86
		{16A8FFBB-7DF4-4AAF-BE1E-B633FC909F37}.Release|x86.ActiveCfg = Release|x86
		{16A8FFBB-7DF4-4AAF-BE1E-B633FC909F37}.Release|x86.Build.0 = Release|x86
		{16A8FFBB-7DF4-4AAF-BE1E-B633FC909F37}.ReleaseBuild|Any CPU.ActiveCfg = Release|x86
		{16A8FFBB-7DF4-4AAF-BE1E-B633FC909F37}.ReleaseBuild|Mixed Platforms.ActiveCfg = Release|x86
		{16A8FFBB-7DF4-4AAF-BE1E-B633FC909F37}.ReleaseBuild|Mixed Platforms.Build.0 = Release|x86
		{16A8FFBB-7DF4-4AAF-BE1E-B633FC909F37}.ReleaseBuild|Win32.ActiveCfg = Release|x86
		{16A8FFBB-7DF4-4AAF-BE1E-B633FC909F37}.ReleaseBuild|x64.ActiveCfg = Release|x86
		{16A8FFBB-7DF4-4AAF-BE1E-B633FC909F37}.ReleaseBuild|x86.ActiveCfg = Release|x86
		{16A8FFBB-7DF4-4AAF-BE1E-B633FC909F37}.ReleaseBuild|x86.Build.0 = Release|x86
		{CD3CD636-D63E-4BD5-9FE9-2B63DA6F0616}.Debug|Any CPU.ActiveCfg = Debug|Any CPU
		{CD3CD636-D63E-4BD5-9FE9-2B63DA6F0616}.Debug|Any CPU.Build.0 = Debug|Any CPU
		{CD3CD636-D63E-4BD5-9FE9-2B63DA6F0616}.Debug|Mixed Platforms.ActiveCfg = Debug|Any CPU
		{CD3CD636-D63E-4BD5-9FE9-2B63DA6F0616}.Debug|Mixed Platforms.Build.0 = Debug|Any CPU
		{CD3CD636-D63E-4BD5-9FE9-2B63DA6F0616}.Debug|Win32.ActiveCfg = Debug|Any CPU
		{CD3CD636-D63E-4BD5-9FE9-2B63DA6F0616}.Debug|x64.ActiveCfg = Debug|Any CPU
		{CD3CD636-D63E-4BD5-9FE9-2B63DA6F0616}.Debug|x86.ActiveCfg = Debug|Any CPU
		{CD3CD636-D63E-4BD5-9FE9-2B63DA6F0616}.Release|Any CPU.ActiveCfg = Release|Any CPU
		{CD3CD636-D63E-4BD5-9FE9-2B63DA6F0616}.Release|Any CPU.Build.0 = Release|Any CPU
		{CD3CD636-D63E-4BD5-9FE9-2B63DA6F0616}.Release|Mixed Platforms.ActiveCfg = Release|Any CPU
		{CD3CD636-D63E-4BD5-9FE9-2B63DA6F0616}.Release|Mixed Platforms.Build.0 = Release|Any CPU
		{CD3CD636-D63E-4BD5-9FE9-2B63DA6F0616}.Release|Win32.ActiveCfg = Release|Any CPU
		{CD3CD636-D63E-4BD5-9FE9-2B63DA6F0616}.Release|x64.ActiveCfg = Release|Any CPU
		{CD3CD636-D63E-4BD5-9FE9-2B63DA6F0616}.Release|x86.ActiveCfg = Release|Any CPU
		{CD3CD636-D63E-4BD5-9FE9-2B63DA6F0616}.ReleaseBuild|Any CPU.ActiveCfg = Release|Any CPU
		{CD3CD636-D63E-4BD5-9FE9-2B63DA6F0616}.ReleaseBuild|Any CPU.Build.0 = Release|Any CPU
		{CD3CD636-D63E-4BD5-9FE9-2B63DA6F0616}.ReleaseBuild|Mixed Platforms.ActiveCfg = Release|Any CPU
		{CD3CD636-D63E-4BD5-9FE9-2B63DA6F0616}.ReleaseBuild|Mixed Platforms.Build.0 = Release|Any CPU
		{CD3CD636-D63E-4BD5-9FE9-2B63DA6F0616}.ReleaseBuild|Win32.ActiveCfg = Release|Any CPU
		{CD3CD636-D63E-4BD5-9FE9-2B63DA6F0616}.ReleaseBuild|x64.ActiveCfg = Release|Any CPU
		{CD3CD636-D63E-4BD5-9FE9-2B63DA6F0616}.ReleaseBuild|x86.ActiveCfg = Release|Any CPU
		{E2845774-76C1-4D47-9BDC-AE44E5CF979C}.Debug|Any CPU.ActiveCfg = Debug|Any CPU
		{E2845774-76C1-4D47-9BDC-AE44E5CF979C}.Debug|Any CPU.Build.0 = Debug|Any CPU
		{E2845774-76C1-4D47-9BDC-AE44E5CF979C}.Debug|Mixed Platforms.ActiveCfg = Debug|x86
		{E2845774-76C1-4D47-9BDC-AE44E5CF979C}.Debug|Mixed Platforms.Build.0 = Debug|x86
		{E2845774-76C1-4D47-9BDC-AE44E5CF979C}.Debug|Win32.ActiveCfg = Debug|x86
		{E2845774-76C1-4D47-9BDC-AE44E5CF979C}.Debug|x64.ActiveCfg = Debug|x86
		{E2845774-76C1-4D47-9BDC-AE44E5CF979C}.Debug|x86.ActiveCfg = Debug|x86
		{E2845774-76C1-4D47-9BDC-AE44E5CF979C}.Debug|x86.Build.0 = Debug|x86
		{E2845774-76C1-4D47-9BDC-AE44E5CF979C}.Release|Any CPU.ActiveCfg = Release|x86
		{E2845774-76C1-4D47-9BDC-AE44E5CF979C}.Release|Mixed Platforms.ActiveCfg = Release|x86
		{E2845774-76C1-4D47-9BDC-AE44E5CF979C}.Release|Mixed Platforms.Build.0 = Release|x86
		{E2845774-76C1-4D47-9BDC-AE44E5CF979C}.Release|Win32.ActiveCfg = Release|x86
		{E2845774-76C1-4D47-9BDC-AE44E5CF979C}.Release|x64.ActiveCfg = Release|x86
		{E2845774-76C1-4D47-9BDC-AE44E5CF979C}.Release|x86.ActiveCfg = Release|x86
		{E2845774-76C1-4D47-9BDC-AE44E5CF979C}.Release|x86.Build.0 = Release|x86
		{E2845774-76C1-4D47-9BDC-AE44E5CF979C}.ReleaseBuild|Any CPU.ActiveCfg = Release|x86
		{E2845774-76C1-4D47-9BDC-AE44E5CF979C}.ReleaseBuild|Mixed Platforms.ActiveCfg = Release|x86
		{E2845774-76C1-4D47-9BDC-AE44E5CF979C}.ReleaseBuild|Mixed Platforms.Build.0 = Release|x86
		{E2845774-76C1-4D47-9BDC-AE44E5CF979C}.ReleaseBuild|Win32.ActiveCfg = Release|x86
		{E2845774-76C1-4D47-9BDC-AE44E5CF979C}.ReleaseBuild|x64.ActiveCfg = Release|x86
		{E2845774-76C1-4D47-9BDC-AE44E5CF979C}.ReleaseBuild|x86.ActiveCfg = Release|x86
		{E2845774-76C1-4D47-9BDC-AE44E5CF979C}.ReleaseBuild|x86.Build.0 = Release|x86
		{2541686B-1673-43BF-AF89-3163945DB009}.Debug|Any CPU.ActiveCfg = Debug|Any CPU
		{2541686B-1673-43BF-AF89-3163945DB009}.Debug|Any CPU.Build.0 = Debug|Any CPU
		{2541686B-1673-43BF-AF89-3163945DB009}.Debug|Mixed Platforms.ActiveCfg = Debug|Any CPU
		{2541686B-1673-43BF-AF89-3163945DB009}.Debug|Mixed Platforms.Build.0 = Debug|Any CPU
		{2541686B-1673-43BF-AF89-3163945DB009}.Debug|Win32.ActiveCfg = Debug|Any CPU
		{2541686B-1673-43BF-AF89-3163945DB009}.Debug|x64.ActiveCfg = Debug|Any CPU
		{2541686B-1673-43BF-AF89-3163945DB009}.Debug|x86.ActiveCfg = Debug|Any CPU
		{2541686B-1673-43BF-AF89-3163945DB009}.Release|Any CPU.ActiveCfg = Release|Any CPU
		{2541686B-1673-43BF-AF89-3163945DB009}.Release|Any CPU.Build.0 = Release|Any CPU
		{2541686B-1673-43BF-AF89-3163945DB009}.Release|Mixed Platforms.ActiveCfg = Release|Any CPU
		{2541686B-1673-43BF-AF89-3163945DB009}.Release|Mixed Platforms.Build.0 = Release|Any CPU
		{2541686B-1673-43BF-AF89-3163945DB009}.Release|Win32.ActiveCfg = Release|Any CPU
		{2541686B-1673-43BF-AF89-3163945DB009}.Release|x64.ActiveCfg = Release|Any CPU
		{2541686B-1673-43BF-AF89-3163945DB009}.Release|x86.ActiveCfg = Release|Any CPU
		{2541686B-1673-43BF-AF89-3163945DB009}.ReleaseBuild|Any CPU.ActiveCfg = Release|Any CPU
		{2541686B-1673-43BF-AF89-3163945DB009}.ReleaseBuild|Any CPU.Build.0 = Release|Any CPU
		{2541686B-1673-43BF-AF89-3163945DB009}.ReleaseBuild|Mixed Platforms.ActiveCfg = Release|Any CPU
		{2541686B-1673-43BF-AF89-3163945DB009}.ReleaseBuild|Mixed Platforms.Build.0 = Release|Any CPU
		{2541686B-1673-43BF-AF89-3163945DB009}.ReleaseBuild|Win32.ActiveCfg = Release|Any CPU
		{2541686B-1673-43BF-AF89-3163945DB009}.ReleaseBuild|x64.ActiveCfg = Release|Any CPU
		{2541686B-1673-43BF-AF89-3163945DB009}.ReleaseBuild|x86.ActiveCfg = Release|Any CPU
	EndGlobalSection
	GlobalSection(SolutionProperties) = preSolution
		HideSolutionNode = FALSE
	EndGlobalSection
	GlobalSection(NestedProjects) = preSolution
		{9A1A77FE-F01B-495E-87B7-4B16E4F8C908} = {5BD82214-D3E7-4017-8B89-34BAAA4104AF}
		{7C2C5325-8235-4A24-9C67-6BD79A4679E2} = {5BD82214-D3E7-4017-8B89-34BAAA4104AF}
		{90E78BBF-C7FE-4D8E-ADE1-75448E866FDB} = {5BD82214-D3E7-4017-8B89-34BAAA4104AF}
		{0E89EA04-C88C-410E-9A5A-9CBB8C42A027} = {5BD82214-D3E7-4017-8B89-34BAAA4104AF}
		{8728CB1F-F193-4F75-AEA9-221AA85A3E80} = {5BD82214-D3E7-4017-8B89-34BAAA4104AF}
		{FDA79B5F-80C6-41FA-A1D6-82DE69DBB4A1} = {5BD82214-D3E7-4017-8B89-34BAAA4104AF}
		{E8F09998-297B-485C-B234-E5ACE5F55772} = {5BD82214-D3E7-4017-8B89-34BAAA4104AF}
	EndGlobalSection
	GlobalSection(TextTemplating) = postSolution
		TextTemplating = 1
	EndGlobalSection
EndGlobal
